// !$*UTF8*$!
{
	archiveVersion = 1;
	classes = {
	};
	objectVersion = 55;
	objects = {

/* Begin PBXBuildFile section */
		BF1B353328608CAF006BC01D /* AllDoneApp.swift in Sources */ = {isa = PBXBuildFile; fileRef = BF1B353228608CAF006BC01D /* AllDoneApp.swift */; };
		BF1B353528608CAF006BC01D /* ContentView.swift in Sources */ = {isa = PBXBuildFile; fileRef = BF1B353428608CAF006BC01D /* ContentView.swift */; };
		BF1B353728608CB3006BC01D /* Assets.xcassets in Resources */ = {isa = PBXBuildFile; fileRef = BF1B353628608CB3006BC01D /* Assets.xcassets */; };
		BF1B353A28608CB3006BC01D /* Preview Assets.xcassets in Resources */ = {isa = PBXBuildFile; fileRef = BF1B353928608CB3006BC01D /* Preview Assets.xcassets */; };
		BF1B35442860B0C6006BC01D /* LoginView.swift in Sources */ = {isa = PBXBuildFile; fileRef = BF1B35432860B0C6006BC01D /* LoginView.swift */; };
		BF1B35482860B1C3006BC01D /* SignupView.swift in Sources */ = {isa = PBXBuildFile; fileRef = BF1B35472860B1C3006BC01D /* SignupView.swift */; };
		BF1B354A2860B4F8006BC01D /* BackgroundGradientView.swift in Sources */ = {isa = PBXBuildFile; fileRef = BF1B35492860B4F8006BC01D /* BackgroundGradientView.swift */; };
		BF1B354C2860B8F4006BC01D /* LogoView.swift in Sources */ = {isa = PBXBuildFile; fileRef = BF1B354B2860B8F4006BC01D /* LogoView.swift */; };
		BFB4AEE728633BF70093F889 /* CustomSecureField.swift in Sources */ = {isa = PBXBuildFile; fileRef = BFB4AEE628633BF70093F889 /* CustomSecureField.swift */; };
		BFB4AEE9286347C10093F889 /* PasswordSecureField.swift in Sources */ = {isa = PBXBuildFile; fileRef = BFB4AEE8286347C10093F889 /* PasswordSecureField.swift */; };
		BFEAA04328622430004580A6 /* CustomTextField.swift in Sources */ = {isa = PBXBuildFile; fileRef = BFEAA04228622430004580A6 /* CustomTextField.swift */; };
		BFEAA045286227E6004580A6 /* EmailTextField.swift in Sources */ = {isa = PBXBuildFile; fileRef = BFEAA044286227E6004580A6 /* EmailTextField.swift */; };
/* End PBXBuildFile section */

/* Begin PBXFileReference section */
		BF1B352F28608CAF006BC01D /* AllDone.app */ = {isa = PBXFileReference; explicitFileType = wrapper.application; includeInIndex = 0; path = AllDone.app; sourceTree = BUILT_PRODUCTS_DIR; };
		BF1B353228608CAF006BC01D /* AllDoneApp.swift */ = {isa = PBXFileReference; lastKnownFileType = sourcecode.swift; path = AllDoneApp.swift; sourceTree = "<group>"; };
		BF1B353428608CAF006BC01D /* ContentView.swift */ = {isa = PBXFileReference; lastKnownFileType = sourcecode.swift; path = ContentView.swift; sourceTree = "<group>"; };
		BF1B353628608CB3006BC01D /* Assets.xcassets */ = {isa = PBXFileReference; lastKnownFileType = folder.assetcatalog; path = Assets.xcassets; sourceTree = "<group>"; };
		BF1B353928608CB3006BC01D /* Preview Assets.xcassets */ = {isa = PBXFileReference; lastKnownFileType = folder.assetcatalog; path = "Preview Assets.xcassets"; sourceTree = "<group>"; };
		BF1B35432860B0C6006BC01D /* LoginView.swift */ = {isa = PBXFileReference; lastKnownFileType = sourcecode.swift; path = LoginView.swift; sourceTree = "<group>"; };
		BF1B35472860B1C3006BC01D /* SignupView.swift */ = {isa = PBXFileReference; lastKnownFileType = sourcecode.swift; path = SignupView.swift; sourceTree = "<group>"; };
		BF1B35492860B4F8006BC01D /* BackgroundGradientView.swift */ = {isa = PBXFileReference; lastKnownFileType = sourcecode.swift; path = BackgroundGradientView.swift; sourceTree = "<group>"; };
		BF1B354B2860B8F4006BC01D /* LogoView.swift */ = {isa = PBXFileReference; lastKnownFileType = sourcecode.swift; path = LogoView.swift; sourceTree = "<group>"; };
		BFB4AEE628633BF70093F889 /* CustomSecureField.swift */ = {isa = PBXFileReference; lastKnownFileType = sourcecode.swift; path = CustomSecureField.swift; sourceTree = "<group>"; };
		BFB4AEE8286347C10093F889 /* PasswordSecureField.swift */ = {isa = PBXFileReference; lastKnownFileType = sourcecode.swift; path = PasswordSecureField.swift; sourceTree = "<group>"; };
		BFEAA04228622430004580A6 /* CustomTextField.swift */ = {isa = PBXFileReference; lastKnownFileType = sourcecode.swift; path = CustomTextField.swift; sourceTree = "<group>"; };
		BFEAA044286227E6004580A6 /* EmailTextField.swift */ = {isa = PBXFileReference; lastKnownFileType = sourcecode.swift; path = EmailTextField.swift; sourceTree = "<group>"; };
/* End PBXFileReference section */

/* Begin PBXFrameworksBuildPhase section */
		BF1B352C28608CAF006BC01D /* Frameworks */ = {
			isa = PBXFrameworksBuildPhase;
			buildActionMask = 2147483647;
			files = (
			);
			runOnlyForDeploymentPostprocessing = 0;
		};
/* End PBXFrameworksBuildPhase section */

/* Begin PBXGroup section */
		BF1B352628608CAF006BC01D = {
			isa = PBXGroup;
			children = (
				BF1B353128608CAF006BC01D /* AllDone */,
				BF1B353028608CAF006BC01D /* Products */,
			);
			sourceTree = "<group>";
		};
		BF1B353028608CAF006BC01D /* Products */ = {
			isa = PBXGroup;
			children = (
				BF1B352F28608CAF006BC01D /* AllDone.app */,
			);
			name = Products;
			sourceTree = "<group>";
		};
		BF1B353128608CAF006BC01D /* AllDone */ = {
			isa = PBXGroup;
			children = (
				BF1B35402860B08F006BC01D /* Model */,
				BF1B35412860B097006BC01D /* View */,
				BF1B35422860B09F006BC01D /* ViewModel */,
				BF1B353228608CAF006BC01D /* AllDoneApp.swift */,
				BF1B353428608CAF006BC01D /* ContentView.swift */,
				BF1B353628608CB3006BC01D /* Assets.xcassets */,
				BF1B353828608CB3006BC01D /* Preview Content */,
			);
			path = AllDone;
			sourceTree = "<group>";
		};
		BF1B353828608CB3006BC01D /* Preview Content */ = {
			isa = PBXGroup;
			children = (
				BF1B353928608CB3006BC01D /* Preview Assets.xcassets */,
			);
			path = "Preview Content";
			sourceTree = "<group>";
		};
		BF1B35402860B08F006BC01D /* Model */ = {
			isa = PBXGroup;
			children = (
			);
			path = Model;
			sourceTree = "<group>";
		};
		BF1B35412860B097006BC01D /* View */ = {
			isa = PBXGroup;
			children = (
				BF1B35452860B18B006BC01D /* Utils */,
				BF1B35462860B194006BC01D /* Authentication */,
			);
			path = View;
			sourceTree = "<group>";
		};
		BF1B35422860B09F006BC01D /* ViewModel */ = {
			isa = PBXGroup;
			children = (
			);
			path = ViewModel;
			sourceTree = "<group>";
		};
		BF1B35452860B18B006BC01D /* Utils */ = {
			isa = PBXGroup;
			children = (
				BFEAA0412862240B004580A6 /* TextFields */,
				BF1B35492860B4F8006BC01D /* BackgroundGradientView.swift */,
				BF1B354B2860B8F4006BC01D /* LogoView.swift */,
			);
			path = Utils;
			sourceTree = "<group>";
		};
		BF1B35462860B194006BC01D /* Authentication */ = {
			isa = PBXGroup;
			children = (
				BF1B35432860B0C6006BC01D /* LoginView.swift */,
				BF1B35472860B1C3006BC01D /* SignupView.swift */,
			);
			path = Authentication;
			sourceTree = "<group>";
		};
		BFEAA0412862240B004580A6 /* TextFields */ = {
			isa = PBXGroup;
			children = (
				BFEAA04228622430004580A6 /* CustomTextField.swift */,
				BFEAA044286227E6004580A6 /* EmailTextField.swift */,
				BFB4AEE628633BF70093F889 /* CustomSecureField.swift */,
				BFB4AEE8286347C10093F889 /* PasswordSecureField.swift */,
			);
			path = TextFields;
			sourceTree = "<group>";
		};
/* End PBXGroup section */

/* Begin PBXNativeTarget section */
		BF1B352E28608CAF006BC01D /* AllDone */ = {
			isa = PBXNativeTarget;
			buildConfigurationList = BF1B353D28608CB3006BC01D /* Build configuration list for PBXNativeTarget "AllDone" */;
			buildPhases = (
				BF1B352B28608CAF006BC01D /* Sources */,
				BF1B352C28608CAF006BC01D /* Frameworks */,
				BF1B352D28608CAF006BC01D /* Resources */,
			);
			buildRules = (
			);
			dependencies = (
			);
			name = AllDone;
			productName = AllDone;
			productReference = BF1B352F28608CAF006BC01D /* AllDone.app */;
			productType = "com.apple.product-type.application";
		};
/* End PBXNativeTarget section */

/* Begin PBXProject section */
		BF1B352728608CAF006BC01D /* Project object */ = {
			isa = PBXProject;
			attributes = {
				BuildIndependentTargetsInParallel = 1;
				LastSwiftUpdateCheck = 1320;
				LastUpgradeCheck = 1320;
				TargetAttributes = {
					BF1B352E28608CAF006BC01D = {
						CreatedOnToolsVersion = 13.2.1;
					};
				};
			};
			buildConfigurationList = BF1B352A28608CAF006BC01D /* Build configuration list for PBXProject "AllDone" */;
			compatibilityVersion = "Xcode 13.0";
			developmentRegion = en;
			hasScannedForEncodings = 0;
			knownRegions = (
				en,
				Base,
			);
			mainGroup = BF1B352628608CAF006BC01D;
			productRefGroup = BF1B353028608CAF006BC01D /* Products */;
			projectDirPath = "";
			projectRoot = "";
			targets = (
				BF1B352E28608CAF006BC01D /* AllDone */,
			);
		};
/* End PBXProject section */

/* Begin PBXResourcesBuildPhase section */
		BF1B352D28608CAF006BC01D /* Resources */ = {
			isa = PBXResourcesBuildPhase;
			buildActionMask = 2147483647;
			files = (
				BF1B353A28608CB3006BC01D /* Preview Assets.xcassets in Resources */,
				BF1B353728608CB3006BC01D /* Assets.xcassets in Resources */,
			);
			runOnlyForDeploymentPostprocessing = 0;
		};
/* End PBXResourcesBuildPhase section */

/* Begin PBXSourcesBuildPhase section */
		BF1B352B28608CAF006BC01D /* Sources */ = {
			isa = PBXSourcesBuildPhase;
			buildActionMask = 2147483647;
			files = (
				BFEAA045286227E6004580A6 /* EmailTextField.swift in Sources */,
				BFEAA04328622430004580A6 /* CustomTextField.swift in Sources */,
				BF1B35482860B1C3006BC01D /* SignupView.swift in Sources */,
				BF1B354C2860B8F4006BC01D /* LogoView.swift in Sources */,
				BFB4AEE9286347C10093F889 /* PasswordSecureField.swift in Sources */,
				BF1B35442860B0C6006BC01D /* LoginView.swift in Sources */,
				BF1B353528608CAF006BC01D /* ContentView.swift in Sources */,
				BF1B354A2860B4F8006BC01D /* BackgroundGradientView.swift in Sources */,
				BFB4AEE728633BF70093F889 /* CustomSecureField.swift in Sources */,
				BF1B353328608CAF006BC01D /* AllDoneApp.swift in Sources */,
			);
			runOnlyForDeploymentPostprocessing = 0;
		};
/* End PBXSourcesBuildPhase section */

/* Begin XCBuildConfiguration section */
		BF1B353B28608CB3006BC01D /* Debug */ = {
			isa = XCBuildConfiguration;
			buildSettings = {
				ALWAYS_SEARCH_USER_PATHS = NO;
				CLANG_ANALYZER_NONNULL = YES;
				CLANG_ANALYZER_NUMBER_OBJECT_CONVERSION = YES_AGGRESSIVE;
				CLANG_CXX_LANGUAGE_STANDARD = "gnu++17";
				CLANG_CXX_LIBRARY = "libc++";
				CLANG_ENABLE_MODULES = YES;
				CLANG_ENABLE_OBJC_ARC = YES;
				CLANG_ENABLE_OBJC_WEAK = YES;
				CLANG_WARN_BLOCK_CAPTURE_AUTORELEASING = YES;
				CLANG_WARN_BOOL_CONVERSION = YES;
				CLANG_WARN_COMMA = YES;
				CLANG_WARN_CONSTANT_CONVERSION = YES;
				CLANG_WARN_DEPRECATED_OBJC_IMPLEMENTATIONS = YES;
				CLANG_WARN_DIRECT_OBJC_ISA_USAGE = YES_ERROR;
				CLANG_WARN_DOCUMENTATION_COMMENTS = YES;
				CLANG_WARN_EMPTY_BODY = YES;
				CLANG_WARN_ENUM_CONVERSION = YES;
				CLANG_WARN_INFINITE_RECURSION = YES;
				CLANG_WARN_INT_CONVERSION = YES;
				CLANG_WARN_NON_LITERAL_NULL_CONVERSION = YES;
				CLANG_WARN_OBJC_IMPLICIT_RETAIN_SELF = YES;
				CLANG_WARN_OBJC_LITERAL_CONVERSION = YES;
				CLANG_WARN_OBJC_ROOT_CLASS = YES_ERROR;
				CLANG_WARN_QUOTED_INCLUDE_IN_FRAMEWORK_HEADER = YES;
				CLANG_WARN_RANGE_LOOP_ANALYSIS = YES;
				CLANG_WARN_STRICT_PROTOTYPES = YES;
				CLANG_WARN_SUSPICIOUS_MOVE = YES;
				CLANG_WARN_UNGUARDED_AVAILABILITY = YES_AGGRESSIVE;
				CLANG_WARN_UNREACHABLE_CODE = YES;
				CLANG_WARN__DUPLICATE_METHOD_MATCH = YES;
				COPY_PHASE_STRIP = NO;
				DEBUG_INFORMATION_FORMAT = dwarf;
				ENABLE_STRICT_OBJC_MSGSEND = YES;
				ENABLE_TESTABILITY = YES;
				GCC_C_LANGUAGE_STANDARD = gnu11;
				GCC_DYNAMIC_NO_PIC = NO;
				GCC_NO_COMMON_BLOCKS = YES;
				GCC_OPTIMIZATION_LEVEL = 0;
				GCC_PREPROCESSOR_DEFINITIONS = (
					"DEBUG=1",
					"$(inherited)",
				);
				GCC_WARN_64_TO_32_BIT_CONVERSION = YES;
				GCC_WARN_ABOUT_RETURN_TYPE = YES_ERROR;
				GCC_WARN_UNDECLARED_SELECTOR = YES;
				GCC_WARN_UNINITIALIZED_AUTOS = YES_AGGRESSIVE;
				GCC_WARN_UNUSED_FUNCTION = YES;
				GCC_WARN_UNUSED_VARIABLE = YES;
				IPHONEOS_DEPLOYMENT_TARGET = 15.2;
				MTL_ENABLE_DEBUG_INFO = INCLUDE_SOURCE;
				MTL_FAST_MATH = YES;
				ONLY_ACTIVE_ARCH = YES;
				SDKROOT = iphoneos;
				SWIFT_ACTIVE_COMPILATION_CONDITIONS = DEBUG;
				SWIFT_OPTIMIZATION_LEVEL = "-Onone";
			};
			name = Debug;
		};
		BF1B353C28608CB3006BC01D /* Release */ = {
			isa = XCBuildConfiguration;
			buildSettings = {
				ALWAYS_SEARCH_USER_PATHS = NO;
				CLANG_ANALYZER_NONNULL = YES;
				CLANG_ANALYZER_NUMBER_OBJECT_CONVERSION = YES_AGGRESSIVE;
				CLANG_CXX_LANGUAGE_STANDARD = "gnu++17";
				CLANG_CXX_LIBRARY = "libc++";
				CLANG_ENABLE_MODULES = YES;
				CLANG_ENABLE_OBJC_ARC = YES;
				CLANG_ENABLE_OBJC_WEAK = YES;
				CLANG_WARN_BLOCK_CAPTURE_AUTORELEASING = YES;
				CLANG_WARN_BOOL_CONVERSION = YES;
				CLANG_WARN_COMMA = YES;
				CLANG_WARN_CONSTANT_CONVERSION = YES;
				CLANG_WARN_DEPRECATED_OBJC_IMPLEMENTATIONS = YES;
				CLANG_WARN_DIRECT_OBJC_ISA_USAGE = YES_ERROR;
				CLANG_WARN_DOCUMENTATION_COMMENTS = YES;
				CLANG_WARN_EMPTY_BODY = YES;
				CLANG_WARN_ENUM_CONVERSION = YES;
				CLANG_WARN_INFINITE_RECURSION = YES;
				CLANG_WARN_INT_CONVERSION = YES;
				CLANG_WARN_NON_LITERAL_NULL_CONVERSION = YES;
				CLANG_WARN_OBJC_IMPLICIT_RETAIN_SELF = YES;
				CLANG_WARN_OBJC_LITERAL_CONVERSION = YES;
				CLANG_WARN_OBJC_ROOT_CLASS = YES_ERROR;
				CLANG_WARN_QUOTED_INCLUDE_IN_FRAMEWORK_HEADER = YES;
				CLANG_WARN_RANGE_LOOP_ANALYSIS = YES;
				CLANG_WARN_STRICT_PROTOTYPES = YES;
				CLANG_WARN_SUSPICIOUS_MOVE = YES;
				CLANG_WARN_UNGUARDED_AVAILABILITY = YES_AGGRESSIVE;
				CLANG_WARN_UNREACHABLE_CODE = YES;
				CLANG_WARN__DUPLICATE_METHOD_MATCH = YES;
				COPY_PHASE_STRIP = NO;
				DEBUG_INFORMATION_FORMAT = "dwarf-with-dsym";
				ENABLE_NS_ASSERTIONS = NO;
				ENABLE_STRICT_OBJC_MSGSEND = YES;
				GCC_C_LANGUAGE_STANDARD = gnu11;
				GCC_NO_COMMON_BLOCKS = YES;
				GCC_WARN_64_TO_32_BIT_CONVERSION = YES;
				GCC_WARN_ABOUT_RETURN_TYPE = YES_ERROR;
				GCC_WARN_UNDECLARED_SELECTOR = YES;
				GCC_WARN_UNINITIALIZED_AUTOS = YES_AGGRESSIVE;
				GCC_WARN_UNUSED_FUNCTION = YES;
				GCC_WARN_UNUSED_VARIABLE = YES;
				IPHONEOS_DEPLOYMENT_TARGET = 15.2;
				MTL_ENABLE_DEBUG_INFO = NO;
				MTL_FAST_MATH = YES;
				SDKROOT = iphoneos;
				SWIFT_COMPILATION_MODE = wholemodule;
				SWIFT_OPTIMIZATION_LEVEL = "-O";
				VALIDATE_PRODUCT = YES;
			};
			name = Release;
		};
		BF1B353E28608CB3006BC01D /* Debug */ = {
			isa = XCBuildConfiguration;
			buildSettings = {
				ASSETCATALOG_COMPILER_APPICON_NAME = AppIcon;
				ASSETCATALOG_COMPILER_GLOBAL_ACCENT_COLOR_NAME = AccentColor;
				CODE_SIGN_STYLE = Automatic;
				CURRENT_PROJECT_VERSION = 1;
				DEVELOPMENT_ASSET_PATHS = "\"AllDone/Preview Content\"";
				ENABLE_PREVIEWS = YES;
				GENERATE_INFOPLIST_FILE = YES;
				INFOPLIST_KEY_UIApplicationSceneManifest_Generation = YES;
				INFOPLIST_KEY_UIApplicationSupportsIndirectInputEvents = YES;
				INFOPLIST_KEY_UILaunchScreen_Generation = YES;
				INFOPLIST_KEY_UISupportedInterfaceOrientations = UIInterfaceOrientationPortrait;
				INFOPLIST_KEY_UISupportedInterfaceOrientations_iPad = "UIInterfaceOrientationPortrait UIInterfaceOrientationPortraitUpsideDown UIInterfaceOrientationLandscapeLeft UIInterfaceOrientationLandscapeRight";
				INFOPLIST_KEY_UISupportedInterfaceOrientations_iPhone = "UIInterfaceOrientationPortrait UIInterfaceOrientationLandscapeLeft UIInterfaceOrientationLandscapeRight";
				LD_RUNPATH_SEARCH_PATHS = (
					"$(inherited)",
					"@executable_path/Frameworks",
				);
				MARKETING_VERSION = 1.0;
				PRODUCT_BUNDLE_IDENTIFIER = com.EmrahKarabulut.AllDone;
				PRODUCT_NAME = "$(TARGET_NAME)";
				SWIFT_EMIT_LOC_STRINGS = YES;
				SWIFT_VERSION = 5.0;
				TARGETED_DEVICE_FAMILY = 1;
			};
			name = Debug;
		};
		BF1B353F28608CB3006BC01D /* Release */ = {
			isa = XCBuildConfiguration;
			buildSettings = {
				ASSETCATALOG_COMPILER_APPICON_NAME = AppIcon;
				ASSETCATALOG_COMPILER_GLOBAL_ACCENT_COLOR_NAME = AccentColor;
				CODE_SIGN_STYLE = Automatic;
				CURRENT_PROJECT_VERSION = 1;
				DEVELOPMENT_ASSET_PATHS = "\"AllDone/Preview Content\"";
				ENABLE_PREVIEWS = YES;
				GENERATE_INFOPLIST_FILE = YES;
				INFOPLIST_KEY_UIApplicationSceneManifest_Generation = YES;
				INFOPLIST_KEY_UIApplicationSupportsIndirectInputEvents = YES;
				INFOPLIST_KEY_UILaunchScreen_Generation = YES;
				INFOPLIST_KEY_UISupportedInterfaceOrientations = UIInterfaceOrientationPortrait;
				INFOPLIST_KEY_UISupportedInterfaceOrientations_iPad = "UIInterfaceOrientationPortrait UIInterfaceOrientationPortraitUpsideDown UIInterfaceOrientationLandscapeLeft UIInterfaceOrientationLandscapeRight";
				INFOPLIST_KEY_UISupportedInterfaceOrientations_iPhone = "UIInterfaceOrientationPortrait UIInterfaceOrientationLandscapeLeft UIInterfaceOrientationLandscapeRight";
				LD_RUNPATH_SEARCH_PATHS = (
					"$(inherited)",
					"@executable_path/Frameworks",
				);
				MARKETING_VERSION = 1.0;
				PRODUCT_BUNDLE_IDENTIFIER = com.EmrahKarabulut.AllDone;
				PRODUCT_NAME = "$(TARGET_NAME)";
				SWIFT_EMIT_LOC_STRINGS = YES;
				SWIFT_VERSION = 5.0;
				TARGETED_DEVICE_FAMILY = 1;
			};
			name = Release;
		};
/* End XCBuildConfiguration section */

/* Begin XCConfigurationList section */
		BF1B352A28608CAF006BC01D /* Build configuration list for PBXProject "AllDone" */ = {
			isa = XCConfigurationList;
			buildConfigurations = (
				BF1B353B28608CB3006BC01D /* Debug */,
				BF1B353C28608CB3006BC01D /* Release */,
			);
			defaultConfigurationIsVisible = 0;
			defaultConfigurationName = Release;
		};
		BF1B353D28608CB3006BC01D /* Build configuration list for PBXNativeTarget "AllDone" */ = {
			isa = XCConfigurationList;
			buildConfigurations = (
				BF1B353E28608CB3006BC01D /* Debug */,
				BF1B353F28608CB3006BC01D /* Release */,
			);
			defaultConfigurationIsVisible = 0;
			defaultConfigurationName = Release;
		};
/* End XCConfigurationList section */
	};
	rootObject = BF1B352728608CAF006BC01D /* Project object */;
}
